// !$*UTF8*$!
{
	archiveVersion = 1;
	classes = {
	};
	objectVersion = 55;
	objects = {

/* Begin PBXBuildFile section */
		134D47A82AFAF32A003D7A84 /* AppDelegate.swift in Sources */ = {isa = PBXBuildFile; fileRef = 134D47A72AFAF32A003D7A84 /* AppDelegate.swift */; };
		134D47AA2AFAF32A003D7A84 /* SceneDelegate.swift in Sources */ = {isa = PBXBuildFile; fileRef = 134D47A92AFAF32A003D7A84 /* SceneDelegate.swift */; };
		134D47AC2AFAF32A003D7A84 /* iniciarSesionViewController.swift in Sources */ = {isa = PBXBuildFile; fileRef = 134D47AB2AFAF32A003D7A84 /* iniciarSesionViewController.swift */; };
		134D47B12AFAF32C003D7A84 /* Assets.xcassets in Resources */ = {isa = PBXBuildFile; fileRef = 134D47B02AFAF32C003D7A84 /* Assets.xcassets */; };
		134D47B42AFAF32C003D7A84 /* LaunchScreen.storyboard in Resources */ = {isa = PBXBuildFile; fileRef = 134D47B22AFAF32C003D7A84 /* LaunchScreen.storyboard */; };
		134D47BF2AFAF854003D7A84 /* FirebaseAnalytics in Frameworks */ = {isa = PBXBuildFile; productRef = 134D47BE2AFAF854003D7A84 /* FirebaseAnalytics */; };
		134D47C12AFAF854003D7A84 /* FirebaseAnalyticsWithoutAdIdSupport in Frameworks */ = {isa = PBXBuildFile; productRef = 134D47C02AFAF854003D7A84 /* FirebaseAnalyticsWithoutAdIdSupport */; };
		134D47C32AFAF854003D7A84 /* FirebaseAuth in Frameworks */ = {isa = PBXBuildFile; productRef = 134D47C22AFAF854003D7A84 /* FirebaseAuth */; };
		134D47C62AFB0327003D7A84 /* FirebaseAuth in Frameworks */ = {isa = PBXBuildFile; productRef = 134D47C52AFB0327003D7A84 /* FirebaseAuth */; };
		134D47C92AFB037C003D7A84 /* GoogleSignIn in Frameworks */ = {isa = PBXBuildFile; productRef = 134D47C82AFB037C003D7A84 /* GoogleSignIn */; };
		134D47CB2AFB037C003D7A84 /* GoogleSignInSwift in Frameworks */ = {isa = PBXBuildFile; productRef = 134D47CA2AFB037C003D7A84 /* GoogleSignInSwift */; };
		134D47CD2AFB0444003D7A84 /* GoogleService-Info.plist in Resources */ = {isa = PBXBuildFile; fileRef = 134D47CC2AFB0444003D7A84 /* GoogleService-Info.plist */; };
		134D47D02AFB0C49003D7A84 /* Main.storyboard in Resources */ = {isa = PBXBuildFile; fileRef = 134D47CE2AFB0C49003D7A84 /* Main.storyboard */; };
		13ED0ACB2B041963003F5C8B /* SnapsViewController.swift in Sources */ = {isa = PBXBuildFile; fileRef = 13ED0ACA2B041963003F5C8B /* SnapsViewController.swift */; };
		13ED0ACD2B041BCE003F5C8B /* ImagenViewController.swift in Sources */ = {isa = PBXBuildFile; fileRef = 13ED0ACC2B041BCE003F5C8B /* ImagenViewController.swift */; };
		13ED0AD02B042E26003F5C8B /* FirebaseDatabase in Frameworks */ = {isa = PBXBuildFile; productRef = 13ED0ACF2B042E26003F5C8B /* FirebaseDatabase */; };
		13ED0AD22B042E37003F5C8B /* FirebaseStorage in Frameworks */ = {isa = PBXBuildFile; productRef = 13ED0AD12B042E37003F5C8B /* FirebaseStorage */; };
		13ED0AD42B043786003F5C8B /* ElegirUsuarioViewController.swift in Sources */ = {isa = PBXBuildFile; fileRef = 13ED0AD32B043786003F5C8B /* ElegirUsuarioViewController.swift */; };
		13ED0AD82B043D5E003F5C8B /* Usuario.swift in Sources */ = {isa = PBXBuildFile; fileRef = 13ED0AD72B043D5E003F5C8B /* Usuario.swift */; };
		13ED0ADA2B044480003F5C8B /* registrarViewController.swift in Sources */ = {isa = PBXBuildFile; fileRef = 13ED0AD92B044480003F5C8B /* registrarViewController.swift */; };
/* End PBXBuildFile section */

/* Begin PBXFileReference section */
		134D47A42AFAF32A003D7A84 /* lab11-3-snap.app */ = {isa = PBXFileReference; explicitFileType = wrapper.application; includeInIndex = 0; path = "lab11-3-snap.app"; sourceTree = BUILT_PRODUCTS_DIR; };
		134D47A72AFAF32A003D7A84 /* AppDelegate.swift */ = {isa = PBXFileReference; lastKnownFileType = sourcecode.swift; path = AppDelegate.swift; sourceTree = "<group>"; };
		134D47A92AFAF32A003D7A84 /* SceneDelegate.swift */ = {isa = PBXFileReference; lastKnownFileType = sourcecode.swift; path = SceneDelegate.swift; sourceTree = "<group>"; };
		134D47AB2AFAF32A003D7A84 /* iniciarSesionViewController.swift */ = {isa = PBXFileReference; lastKnownFileType = sourcecode.swift; path = iniciarSesionViewController.swift; sourceTree = "<group>"; };
		134D47B02AFAF32C003D7A84 /* Assets.xcassets */ = {isa = PBXFileReference; lastKnownFileType = folder.assetcatalog; path = Assets.xcassets; sourceTree = "<group>"; };
		134D47B32AFAF32C003D7A84 /* Base */ = {isa = PBXFileReference; lastKnownFileType = file.storyboard; name = Base; path = Base.lproj/LaunchScreen.storyboard; sourceTree = "<group>"; };
		134D47B52AFAF32C003D7A84 /* Info.plist */ = {isa = PBXFileReference; lastKnownFileType = text.plist.xml; path = Info.plist; sourceTree = "<group>"; };
		134D47CC2AFB0444003D7A84 /* GoogleService-Info.plist */ = {isa = PBXFileReference; fileEncoding = 4; lastKnownFileType = text.plist.xml; name = "GoogleService-Info.plist"; path = "../../../Downloads/GoogleService-Info.plist"; sourceTree = "<group>"; };
		134D47CF2AFB0C49003D7A84 /* Base */ = {isa = PBXFileReference; lastKnownFileType = file.storyboard; name = Base; path = Base.lproj/Main.storyboard; sourceTree = "<group>"; };
		13ED0ACA2B041963003F5C8B /* SnapsViewController.swift */ = {isa = PBXFileReference; lastKnownFileType = sourcecode.swift; path = SnapsViewController.swift; sourceTree = "<group>"; };
		13ED0ACC2B041BCE003F5C8B /* ImagenViewController.swift */ = {isa = PBXFileReference; lastKnownFileType = sourcecode.swift; path = ImagenViewController.swift; sourceTree = "<group>"; };
		13ED0AD32B043786003F5C8B /* ElegirUsuarioViewController.swift */ = {isa = PBXFileReference; lastKnownFileType = sourcecode.swift; path = ElegirUsuarioViewController.swift; sourceTree = "<group>"; };
		13ED0AD72B043D5E003F5C8B /* Usuario.swift */ = {isa = PBXFileReference; lastKnownFileType = sourcecode.swift; path = Usuario.swift; sourceTree = "<group>"; };
		13ED0AD92B044480003F5C8B /* registrarViewController.swift */ = {isa = PBXFileReference; lastKnownFileType = sourcecode.swift; path = registrarViewController.swift; sourceTree = "<group>"; };
/* End PBXFileReference section */

/* Begin PBXFrameworksBuildPhase section */
		134D47A12AFAF32A003D7A84 /* Frameworks */ = {
			isa = PBXFrameworksBuildPhase;
			buildActionMask = 2147483647;
			files = (
				134D47C92AFB037C003D7A84 /* GoogleSignIn in Frameworks */,
				134D47BF2AFAF854003D7A84 /* FirebaseAnalytics in Frameworks */,
				134D47C32AFAF854003D7A84 /* FirebaseAuth in Frameworks */,
				134D47CB2AFB037C003D7A84 /* GoogleSignInSwift in Frameworks */,
				134D47C12AFAF854003D7A84 /* FirebaseAnalyticsWithoutAdIdSupport in Frameworks */,
				13ED0AD22B042E37003F5C8B /* FirebaseStorage in Frameworks */,
				13ED0AD02B042E26003F5C8B /* FirebaseDatabase in Frameworks */,
				134D47C62AFB0327003D7A84 /* FirebaseAuth in Frameworks */,
			);
			runOnlyForDeploymentPostprocessing = 0;
		};
/* End PBXFrameworksBuildPhase section */

/* Begin PBXGroup section */
		134D479B2AFAF32A003D7A84 = {
			isa = PBXGroup;
			children = (
				134D47A62AFAF32A003D7A84 /* lab11-3-snap */,
				134D47A52AFAF32A003D7A84 /* Products */,
				13ED0ACE2B042E26003F5C8B /* Frameworks */,
			);
			sourceTree = "<group>";
		};
		134D47A52AFAF32A003D7A84 /* Products */ = {
			isa = PBXGroup;
			children = (
				134D47A42AFAF32A003D7A84 /* lab11-3-snap.app */,
			);
			name = Products;
			sourceTree = "<group>";
		};
		134D47A62AFAF32A003D7A84 /* lab11-3-snap */ = {
			isa = PBXGroup;
			children = (
				13ED0AD62B043D3D003F5C8B /* Modelos */,
				13ED0AD52B043CEC003F5C8B /* ViewControllers */,
				134D47CC2AFB0444003D7A84 /* GoogleService-Info.plist */,
				134D47A72AFAF32A003D7A84 /* AppDelegate.swift */,
				134D47A92AFAF32A003D7A84 /* SceneDelegate.swift */,
				134D47B02AFAF32C003D7A84 /* Assets.xcassets */,
				134D47CE2AFB0C49003D7A84 /* Main.storyboard */,
				134D47B22AFAF32C003D7A84 /* LaunchScreen.storyboard */,
				134D47B52AFAF32C003D7A84 /* Info.plist */,
			);
			path = "lab11-3-snap";
			sourceTree = "<group>";
		};
		13ED0ACE2B042E26003F5C8B /* Frameworks */ = {
			isa = PBXGroup;
			children = (
			);
			name = Frameworks;
			sourceTree = "<group>";
		};
		13ED0AD52B043CEC003F5C8B /* ViewControllers */ = {
			isa = PBXGroup;
			children = (
				13ED0AD32B043786003F5C8B /* ElegirUsuarioViewController.swift */,
				13ED0ACA2B041963003F5C8B /* SnapsViewController.swift */,
				13ED0ACC2B041BCE003F5C8B /* ImagenViewController.swift */,
				134D47AB2AFAF32A003D7A84 /* iniciarSesionViewController.swift */,
				13ED0AD92B044480003F5C8B /* registrarViewController.swift */,
			);
			path = ViewControllers;
			sourceTree = "<group>";
		};
		13ED0AD62B043D3D003F5C8B /* Modelos */ = {
			isa = PBXGroup;
			children = (
				13ED0AD72B043D5E003F5C8B /* Usuario.swift */,
			);
			path = Modelos;
			sourceTree = "<group>";
		};
/* End PBXGroup section */

/* Begin PBXNativeTarget section */
		134D47A32AFAF32A003D7A84 /* lab11-3-snap */ = {
			isa = PBXNativeTarget;
			buildConfigurationList = 134D47B82AFAF32C003D7A84 /* Build configuration list for PBXNativeTarget "lab11-3-snap" */;
			buildPhases = (
				134D47A02AFAF32A003D7A84 /* Sources */,
				134D47A12AFAF32A003D7A84 /* Frameworks */,
				134D47A22AFAF32A003D7A84 /* Resources */,
			);
			buildRules = (
			);
			dependencies = (
			);
			name = "lab11-3-snap";
			packageProductDependencies = (
				134D47BE2AFAF854003D7A84 /* FirebaseAnalytics */,
				134D47C02AFAF854003D7A84 /* FirebaseAnalyticsWithoutAdIdSupport */,
				134D47C22AFAF854003D7A84 /* FirebaseAuth */,
				134D47C52AFB0327003D7A84 /* FirebaseAuth */,
				134D47C82AFB037C003D7A84 /* GoogleSignIn */,
				134D47CA2AFB037C003D7A84 /* GoogleSignInSwift */,
				13ED0ACF2B042E26003F5C8B /* FirebaseDatabase */,
				13ED0AD12B042E37003F5C8B /* FirebaseStorage */,
			);
			productName = "lab11-3-snap";
			productReference = 134D47A42AFAF32A003D7A84 /* lab11-3-snap.app */;
			productType = "com.apple.product-type.application";
		};
/* End PBXNativeTarget section */

/* Begin PBXProject section */
		134D479C2AFAF32A003D7A84 /* Project object */ = {
			isa = PBXProject;
			attributes = {
				BuildIndependentTargetsInParallel = 1;
				LastSwiftUpdateCheck = 1340;
				LastUpgradeCheck = 1340;
				TargetAttributes = {
					134D47A32AFAF32A003D7A84 = {
						CreatedOnToolsVersion = 13.4.1;
					};
				};
			};
			buildConfigurationList = 134D479F2AFAF32A003D7A84 /* Build configuration list for PBXProject "lab11-3-snap" */;
			compatibilityVersion = "Xcode 13.0";
			developmentRegion = en;
			hasScannedForEncodings = 0;
			knownRegions = (
				en,
				Base,
			);
			mainGroup = 134D479B2AFAF32A003D7A84;
			packageReferences = (
				134D47BD2AFAF854003D7A84 /* XCRemoteSwiftPackageReference "firebase-ios-sdk" */,
				134D47C42AFB0327003D7A84 /* XCRemoteSwiftPackageReference "firebase-ios-sdk" */,
				134D47C72AFB037C003D7A84 /* XCRemoteSwiftPackageReference "GoogleSignIn-iOS" */,
			);
			productRefGroup = 134D47A52AFAF32A003D7A84 /* Products */;
			projectDirPath = "";
			projectRoot = "";
			targets = (
				134D47A32AFAF32A003D7A84 /* lab11-3-snap */,
			);
		};
/* End PBXProject section */

/* Begin PBXResourcesBuildPhase section */
		134D47A22AFAF32A003D7A84 /* Resources */ = {
			isa = PBXResourcesBuildPhase;
			buildActionMask = 2147483647;
			files = (
				134D47B42AFAF32C003D7A84 /* LaunchScreen.storyboard in Resources */,
				134D47CD2AFB0444003D7A84 /* GoogleService-Info.plist in Resources */,
				134D47B12AFAF32C003D7A84 /* Assets.xcassets in Resources */,
				134D47D02AFB0C49003D7A84 /* Main.storyboard in Resources */,
			);
			runOnlyForDeploymentPostprocessing = 0;
		};
/* End PBXResourcesBuildPhase section */

/* Begin PBXSourcesBuildPhase section */
		134D47A02AFAF32A003D7A84 /* Sources */ = {
			isa = PBXSourcesBuildPhase;
			buildActionMask = 2147483647;
			files = (
				13ED0ACB2B041963003F5C8B /* SnapsViewController.swift in Sources */,
				13ED0ACD2B041BCE003F5C8B /* ImagenViewController.swift in Sources */,
				13ED0ADA2B044480003F5C8B /* registrarViewController.swift in Sources */,
				13ED0AD82B043D5E003F5C8B /* Usuario.swift in Sources */,
				134D47AC2AFAF32A003D7A84 /* iniciarSesionViewController.swift in Sources */,
				134D47A82AFAF32A003D7A84 /* AppDelegate.swift in Sources */,
				134D47AA2AFAF32A003D7A84 /* SceneDelegate.swift in Sources */,
				13ED0AD42B043786003F5C8B /* ElegirUsuarioViewController.swift in Sources */,
			);
			runOnlyForDeploymentPostprocessing = 0;
		};
/* End PBXSourcesBuildPhase section */

/* Begin PBXVariantGroup section */
		134D47B22AFAF32C003D7A84 /* LaunchScreen.storyboard */ = {
			isa = PBXVariantGroup;
			children = (
				134D47B32AFAF32C003D7A84 /* Base */,
			);
			name = LaunchScreen.storyboard;
			sourceTree = "<group>";
		};
		134D47CE2AFB0C49003D7A84 /* Main.storyboard */ = {
			isa = PBXVariantGroup;
			children = (
				134D47CF2AFB0C49003D7A84 /* Base */,
			);
			name = Main.storyboard;
			sourceTree = "<group>";
		};
/* End PBXVariantGroup section */

/* Begin XCBuildConfiguration section */
		134D47B62AFAF32C003D7A84 /* Debug */ = {
			isa = XCBuildConfiguration;
			buildSettings = {
				ALWAYS_SEARCH_USER_PATHS = NO;
				CLANG_ANALYZER_NONNULL = YES;
				CLANG_ANALYZER_NUMBER_OBJECT_CONVERSION = YES_AGGRESSIVE;
				CLANG_CXX_LANGUAGE_STANDARD = "gnu++17";
				CLANG_ENABLE_MODULES = YES;
				CLANG_ENABLE_OBJC_ARC = YES;
				CLANG_ENABLE_OBJC_WEAK = YES;
				CLANG_WARN_BLOCK_CAPTURE_AUTORELEASING = YES;
				CLANG_WARN_BOOL_CONVERSION = YES;
				CLANG_WARN_COMMA = YES;
				CLANG_WARN_CONSTANT_CONVERSION = YES;
				CLANG_WARN_DEPRECATED_OBJC_IMPLEMENTATIONS = YES;
				CLANG_WARN_DIRECT_OBJC_ISA_USAGE = YES_ERROR;
				CLANG_WARN_DOCUMENTATION_COMMENTS = YES;
				CLANG_WARN_EMPTY_BODY = YES;
				CLANG_WARN_ENUM_CONVERSION = YES;
				CLANG_WARN_INFINITE_RECURSION = YES;
				CLANG_WARN_INT_CONVERSION = YES;
				CLANG_WARN_NON_LITERAL_NULL_CONVERSION = YES;
				CLANG_WARN_OBJC_IMPLICIT_RETAIN_SELF = YES;
				CLANG_WARN_OBJC_LITERAL_CONVERSION = YES;
				CLANG_WARN_OBJC_ROOT_CLASS = YES_ERROR;
				CLANG_WARN_QUOTED_INCLUDE_IN_FRAMEWORK_HEADER = YES;
				CLANG_WARN_RANGE_LOOP_ANALYSIS = YES;
				CLANG_WARN_STRICT_PROTOTYPES = YES;
				CLANG_WARN_SUSPICIOUS_MOVE = YES;
				CLANG_WARN_UNGUARDED_AVAILABILITY = YES_AGGRESSIVE;
				CLANG_WARN_UNREACHABLE_CODE = YES;
				CLANG_WARN__DUPLICATE_METHOD_MATCH = YES;
				COPY_PHASE_STRIP = NO;
				DEBUG_INFORMATION_FORMAT = dwarf;
				ENABLE_STRICT_OBJC_MSGSEND = YES;
				ENABLE_TESTABILITY = YES;
				GCC_C_LANGUAGE_STANDARD = gnu11;
				GCC_DYNAMIC_NO_PIC = NO;
				GCC_NO_COMMON_BLOCKS = YES;
				GCC_OPTIMIZATION_LEVEL = 0;
				GCC_PREPROCESSOR_DEFINITIONS = (
					"DEBUG=1",
					"$(inherited)",
				);
				GCC_WARN_64_TO_32_BIT_CONVERSION = YES;
				GCC_WARN_ABOUT_RETURN_TYPE = YES_ERROR;
				GCC_WARN_UNDECLARED_SELECTOR = YES;
				GCC_WARN_UNINITIALIZED_AUTOS = YES_AGGRESSIVE;
				GCC_WARN_UNUSED_FUNCTION = YES;
				GCC_WARN_UNUSED_VARIABLE = YES;
				IPHONEOS_DEPLOYMENT_TARGET = 15.5;
				MTL_ENABLE_DEBUG_INFO = INCLUDE_SOURCE;
				MTL_FAST_MATH = YES;
				ONLY_ACTIVE_ARCH = YES;
				SDKROOT = iphoneos;
				SWIFT_ACTIVE_COMPILATION_CONDITIONS = DEBUG;
				SWIFT_OPTIMIZATION_LEVEL = "-Onone";
			};
			name = Debug;
		};
		134D47B72AFAF32C003D7A84 /* Release */ = {
			isa = XCBuildConfiguration;
			buildSettings = {
				ALWAYS_SEARCH_USER_PATHS = NO;
				CLANG_ANALYZER_NONNULL = YES;
				CLANG_ANALYZER_NUMBER_OBJECT_CONVERSION = YES_AGGRESSIVE;
				CLANG_CXX_LANGUAGE_STANDARD = "gnu++17";
				CLANG_ENABLE_MODULES = YES;
				CLANG_ENABLE_OBJC_ARC = YES;
				CLANG_ENABLE_OBJC_WEAK = YES;
				CLANG_WARN_BLOCK_CAPTURE_AUTORELEASING = YES;
				CLANG_WARN_BOOL_CONVERSION = YES;
				CLANG_WARN_COMMA = YES;
				CLANG_WARN_CONSTANT_CONVERSION = YES;
				CLANG_WARN_DEPRECATED_OBJC_IMPLEMENTATIONS = YES;
				CLANG_WARN_DIRECT_OBJC_ISA_USAGE = YES_ERROR;
				CLANG_WARN_DOCUMENTATION_COMMENTS = YES;
				CLANG_WARN_EMPTY_BODY = YES;
				CLANG_WARN_ENUM_CONVERSION = YES;
				CLANG_WARN_INFINITE_RECURSION = YES;
				CLANG_WARN_INT_CONVERSION = YES;
				CLANG_WARN_NON_LITERAL_NULL_CONVERSION = YES;
				CLANG_WARN_OBJC_IMPLICIT_RETAIN_SELF = YES;
				CLANG_WARN_OBJC_LITERAL_CONVERSION = YES;
				CLANG_WARN_OBJC_ROOT_CLASS = YES_ERROR;
				CLANG_WARN_QUOTED_INCLUDE_IN_FRAMEWORK_HEADER = YES;
				CLANG_WARN_RANGE_LOOP_ANALYSIS = YES;
				CLANG_WARN_STRICT_PROTOTYPES = YES;
				CLANG_WARN_SUSPICIOUS_MOVE = YES;
				CLANG_WARN_UNGUARDED_AVAILABILITY = YES_AGGRESSIVE;
				CLANG_WARN_UNREACHABLE_CODE = YES;
				CLANG_WARN__DUPLICATE_METHOD_MATCH = YES;
				COPY_PHASE_STRIP = NO;
				DEBUG_INFORMATION_FORMAT = "dwarf-with-dsym";
				ENABLE_NS_ASSERTIONS = NO;
				ENABLE_STRICT_OBJC_MSGSEND = YES;
				GCC_C_LANGUAGE_STANDARD = gnu11;
				GCC_NO_COMMON_BLOCKS = YES;
				GCC_WARN_64_TO_32_BIT_CONVERSION = YES;
				GCC_WARN_ABOUT_RETURN_TYPE = YES_ERROR;
				GCC_WARN_UNDECLARED_SELECTOR = YES;
				GCC_WARN_UNINITIALIZED_AUTOS = YES_AGGRESSIVE;
				GCC_WARN_UNUSED_FUNCTION = YES;
				GCC_WARN_UNUSED_VARIABLE = YES;
				IPHONEOS_DEPLOYMENT_TARGET = 15.5;
				MTL_ENABLE_DEBUG_INFO = NO;
				MTL_FAST_MATH = YES;
				SDKROOT = iphoneos;
				SWIFT_COMPILATION_MODE = wholemodule;
				SWIFT_OPTIMIZATION_LEVEL = "-O";
				VALIDATE_PRODUCT = YES;
			};
			name = Release;
		};
		134D47B92AFAF32C003D7A84 /* Debug */ = {
			isa = XCBuildConfiguration;
			buildSettings = {
				ASSETCATALOG_COMPILER_APPICON_NAME = AppIcon;
				ASSETCATALOG_COMPILER_GLOBAL_ACCENT_COLOR_NAME = AccentColor;
				CODE_SIGN_STYLE = Automatic;
				CURRENT_PROJECT_VERSION = 1;
				GENERATE_INFOPLIST_FILE = YES;
				INFOPLIST_FILE = "lab11-3-snap/Info.plist";
				INFOPLIST_KEY_UIApplicationSupportsIndirectInputEvents = YES;
				INFOPLIST_KEY_UILaunchStoryboardName = LaunchScreen;
				INFOPLIST_KEY_UIMainStoryboardFile = Main;
				INFOPLIST_KEY_UISupportedInterfaceOrientations_iPad = "UIInterfaceOrientationPortrait UIInterfaceOrientationPortraitUpsideDown UIInterfaceOrientationLandscapeLeft UIInterfaceOrientationLandscapeRight";
				INFOPLIST_KEY_UISupportedInterfaceOrientations_iPhone = "UIInterfaceOrientationPortrait UIInterfaceOrientationLandscapeLeft UIInterfaceOrientationLandscapeRight";
				LD_RUNPATH_SEARCH_PATHS = (
					"$(inherited)",
					"@executable_path/Frameworks",
				);
				MARKETING_VERSION = 1.0;
				PRODUCT_BUNDLE_IDENTIFIER = "cesar.lab11-3-snap";
				PRODUCT_NAME = "$(TARGET_NAME)";
				SWIFT_EMIT_LOC_STRINGS = YES;
				SWIFT_VERSION = 5.0;
				TARGETED_DEVICE_FAMILY = "1,2";
			};
			name = Debug;
		};
		134D47BA2AFAF32C003D7A84 /* Release */ = {
			isa = XCBuildConfiguration;
			buildSettings = {
				ASSETCATALOG_COMPILER_APPICON_NAME = AppIcon;
				ASSETCATALOG_COMPILER_GLOBAL_ACCENT_COLOR_NAME = AccentColor;
				CODE_SIGN_STYLE = Automatic;
				CURRENT_PROJECT_VERSION = 1;
				GENERATE_INFOPLIST_FILE = YES;
				INFOPLIST_FILE = "lab11-3-snap/Info.plist";
				INFOPLIST_KEY_UIApplicationSupportsIndirectInputEvents = YES;
				INFOPLIST_KEY_UILaunchStoryboardName = LaunchScreen;
				INFOPLIST_KEY_UIMainStoryboardFile = Main;
				INFOPLIST_KEY_UISupportedInterfaceOrientations_iPad = "UIInterfaceOrientationPortrait UIInterfaceOrientationPortraitUpsideDown UIInterfaceOrientationLandscapeLeft UIInterfaceOrientationLandscapeRight";
				INFOPLIST_KEY_UISupportedInterfaceOrientations_iPhone = "UIInterfaceOrientationPortrait UIInterfaceOrientationLandscapeLeft UIInterfaceOrientationLandscapeRight";
				LD_RUNPATH_SEARCH_PATHS = (
					"$(inherited)",
					"@executable_path/Frameworks",
				);
				MARKETING_VERSION = 1.0;
				PRODUCT_BUNDLE_IDENTIFIER = "cesar.lab11-3-snap";
				PRODUCT_NAME = "$(TARGET_NAME)";
				SWIFT_EMIT_LOC_STRINGS = YES;
				SWIFT_VERSION = 5.0;
				TARGETED_DEVICE_FAMILY = "1,2";
			};
			name = Release;
		};
/* End XCBuildConfiguration section */

/* Begin XCConfigurationList section */
		134D479F2AFAF32A003D7A84 /* Build configuration list for PBXProject "lab11-3-snap" */ = {
			isa = XCConfigurationList;
			buildConfigurations = (
				134D47B62AFAF32C003D7A84 /* Debug */,
				134D47B72AFAF32C003D7A84 /* Release */,
			);
			defaultConfigurationIsVisible = 0;
			defaultConfigurationName = Release;
		};
		134D47B82AFAF32C003D7A84 /* Build configuration list for PBXNativeTarget "lab11-3-snap" */ = {
			isa = XCConfigurationList;
			buildConfigurations = (
				134D47B92AFAF32C003D7A84 /* Debug */,
				134D47BA2AFAF32C003D7A84 /* Release */,
			);
			defaultConfigurationIsVisible = 0;
			defaultConfigurationName = Release;
		};
/* End XCConfigurationList section */

/* Begin XCRemoteSwiftPackageReference section */
		134D47BD2AFAF854003D7A84 /* XCRemoteSwiftPackageReference "firebase-ios-sdk" */ = {
			isa = XCRemoteSwiftPackageReference;
			repositoryURL = "https://github.com/firebase/firebase-ios-sdk";
			requirement = {
				kind = upToNextMajorVersion;
				minimumVersion = 9.0.0;
			};
		};
		134D47C42AFB0327003D7A84 /* XCRemoteSwiftPackageReference "firebase-ios-sdk" */ = {
			isa = XCRemoteSwiftPackageReference;
			repositoryURL = "https://github.com/firebase/firebase-ios-sdk";
			requirement = {
				branch = master;
				kind = branch;
			};
		};
		134D47C72AFB037C003D7A84 /* XCRemoteSwiftPackageReference "GoogleSignIn-iOS" */ = {
			isa = XCRemoteSwiftPackageReference;
			repositoryURL = "https://github.com/google/GoogleSignIn-iOS";
			requirement = {
				kind = upToNextMajorVersion;
				minimumVersion = 7.0.0;
			};
		};
/* End XCRemoteSwiftPackageReference section */

/* Begin XCSwiftPackageProductDependency section */
		134D47BE2AFAF854003D7A84 /* FirebaseAnalytics */ = {
			isa = XCSwiftPackageProductDependency;
			package = 134D47BD2AFAF854003D7A84 /* XCRemoteSwiftPackageReference "firebase-ios-sdk" */;
			productName = FirebaseAnalytics;
		};
		134D47C02AFAF854003D7A84 /* FirebaseAnalyticsWithoutAdIdSupport */ = {
			isa = XCSwiftPackageProductDependency;
			package = 134D47BD2AFAF854003D7A84 /* XCRemoteSwiftPackageReference "firebase-ios-sdk" */;
			productName = FirebaseAnalyticsWithoutAdIdSupport;
		};
		134D47C22AFAF854003D7A84 /* FirebaseAuth */ = {
			isa = XCSwiftPackageProductDependency;
			package = 134D47BD2AFAF854003D7A84 /* XCRemoteSwiftPackageReference "firebase-ios-sdk" */;
			productName = FirebaseAuth;
		};
		134D47C52AFB0327003D7A84 /* FirebaseAuth */ = {
			isa = XCSwiftPackageProductDependency;
			package = 134D47C42AFB0327003D7A84 /* XCRemoteSwiftPackageReference "firebase-ios-sdk" */;
			productName = FirebaseAuth;
		};
		134D47C82AFB037C003D7A84 /* GoogleSignIn */ = {
			isa = XCSwiftPackageProductDependency;
			package = 134D47C72AFB037C003D7A84 /* XCRemoteSwiftPackageReference "GoogleSignIn-iOS" */;
			productName = GoogleSignIn;
		};
		134D47CA2AFB037C003D7A84 /* GoogleSignInSwift */ = {
			isa = XCSwiftPackageProductDependency;
			package = 134D47C72AFB037C003D7A84 /* XCRemoteSwiftPackageReference "GoogleSignIn-iOS" */;
			productName = GoogleSignInSwift;
		};
		13ED0ACF2B042E26003F5C8B /* FirebaseDatabase */ = {
			isa = XCSwiftPackageProductDependency;
			package = 134D47BD2AFAF854003D7A84 /* XCRemoteSwiftPackageReference "firebase-ios-sdk" */;
			productName = FirebaseDatabase;
		};
		13ED0AD12B042E37003F5C8B /* FirebaseStorage */ = {
			isa = XCSwiftPackageProductDependency;
			package = 134D47BD2AFAF854003D7A84 /* XCRemoteSwiftPackageReference "firebase-ios-sdk" */;
			productName = FirebaseStorage;
		};
/* End XCSwiftPackageProductDependency section */
	};
	rootObject = 134D479C2AFAF32A003D7A84 /* Project object */;
}
